
Microsoft Visual Studio Solution File, Format Version 12.00
# Visual Studio Version 17
VisualStudioVersion = 17.2.32516.85
MinimumVisualStudioVersion = 10.0.40219.1
Project("{FAE04EC0-301F-11D3-BF4B-00C04F79EFBC}") = "Activity 14", "Activity 14\Activity 14.csproj", "{93519A20-3F04-4019-B5BA-5928645EF896}"
EndProject
Global
	GlobalSection(SolutionConfigurationPlatforms) = preSolution
		Debug|Any CPU = Debug|Any CPU
		Release|Any CPU = Release|Any CPU
	EndGlobalSection
	GlobalSection(ProjectConfigurationPlatforms) = postSolution
		{93519A20-3F04-4019-B5BA-5928645EF896}.Debug|Any CPU.ActiveCfg = Debug|Any CPU
		{93519A20-3F04-4019-B5BA-5928645EF896}.Debug|Any CPU.Build.0 = Debug|Any CPU
		{93519A20-3F04-4019-B5BA-5928645EF896}.Release|Any CPU.ActiveCfg = Release|Any CPU
		{93519A20-3F04-4019-B5BA-5928645EF896}.Release|Any CPU.Build.0 = Release|Any CPU
	EndGlobalSection
	GlobalSection(SolutionProperties) = preSolution
		HideSolutionNode = FALSE
	EndGlobalSection
	GlobalSection(ExtensibilityGlobals) = postSolution
		SolutionGuid = {8C4554AA-F66C-4C08-9A4B-45F3948B7C19}
	EndGlobalSection
EndGlobal
